Microsoft Visual Studio Solution File, Format Version 12.00
# Visual Studio Version 17
VisualStudioVersion = 17.5.2.0
MinimumVisualStudioVersion = 10.0.40219.1
Project("{FAE04EC0-301F-11D3-BF4B-00C04F79EFBC}") = "SpokiyCalamityUkrainian", "SpokiyCalamityUkrainian.csproj", "{3B1520D5-42AC-5888-067B-7F4FD6A73692}"
EndProject
Global
	GlobalSection(SolutionConfigurationPlatforms) = preSolution
		Debug|Any CPU = Debug|Any CPU
		Release|Any CPU = Release|Any CPU
	EndGlobalSection
	GlobalSection(ProjectConfigurationPlatforms) = postSolution
		{3B1520D5-42AC-5888-067B-7F4FD6A73692}.Debug|Any CPU.ActiveCfg = Debug|Any CPU
		{3B1520D5-42AC-5888-067B-7F4FD6A73692}.Debug|Any CPU.Build.0 = Debug|Any CPU
		{3B1520D5-42AC-5888-067B-7F4FD6A73692}.Release|Any CPU.ActiveCfg = Release|Any CPU
		{3B1520D5-42AC-5888-067B-7F4FD6A73692}.Release|Any CPU.Build.0 = Release|Any CPU
	EndGlobalSection
	GlobalSection(SolutionProperties) = preSolution
		HideSolutionNode = FALSE
	EndGlobalSection
	GlobalSection(ExtensibilityGlobals) = postSolution
		SolutionGuid = {0389E30D-4982-473A-B847-2A2194F44C7F}
	EndGlobalSection
EndGlobal
